PODS:
  - AFNetworking (2.5.4):
    - AFNetworking/NSURLConnection (= 2.5.4)
    - AFNetworking/NSURLSession (= 2.5.4)
    - AFNetworking/Reachability (= 2.5.4)
    - AFNetworking/Security (= 2.5.4)
    - AFNetworking/Serialization (= 2.5.4)
    - AFNetworking/UIKit (= 2.5.4)
  - AFNetworking/NSURLConnection (2.5.4):
    - AFNetworking/Reachability
    - AFNetworking/Security
    - AFNetworking/Serialization
  - AFNetworking/NSURLSession (2.5.4):
    - AFNetworking/Reachability
    - AFNetworking/Security
    - AFNetworking/Serialization
  - AFNetworking/Reachability (2.5.4)
  - AFNetworking/Security (2.5.4)
  - AFNetworking/Serialization (2.5.4)
  - AFNetworking/UIKit (2.5.4):
    - AFNetworking/NSURLConnection
    - AFNetworking/NSURLSession
  - AVOSCloud (3.1.2.6)
  - AVOSCloudCrashReporting (3.1.2.6):
    - AVOSCloud
  - AVOSCloudIM (3.1.2.6):
    - AVOSCloud
  - AVOSCloudSNS (3.1.2.6):
    - AVOSCloud
  - EaseMobSDK (2.1.8)
  - SDWebImage (3.7.2):
    - SDWebImage/Core (= 3.7.2)
  - SDWebImage/Core (3.7.2)

DEPENDENCIES:
  - AFNetworking
  - AVOSCloud
  - AVOSCloudCrashReporting
  - AVOSCloudIM
  - AVOSCloudSNS
  - EaseMobSDK
  - SDWebImage

SPEC CHECKSUMS:
  AFNetworking: 05edc0ac4c4c8cf57bcf4b84be5b0744b6d8e71e
  AVOSCloud: a2fc903a1aee5a346f0fb839f92617378fffd2ed
  AVOSCloudCrashReporting: 6ea22bf56093c9bb2939680fd88989333ef12f0d
  AVOSCloudIM: f8610c1139eb143f8260c984b6de83b93d7cca57
  AVOSCloudSNS: 2310d5a478bfb31e1a2af85a93f5dcbe82d83023
  EaseMobSDK: 639251847fa6de8cd752a6d4ca841e1753903683
  SDWebImage: 71b7cdc1d1721d6a82ed62889030225f2c249e29

COCOAPODS: 0.37.2
